# THIS IS AN AUTOGENERATED FILE. DO NOT EDIT THIS FILE DIRECTLY.
# yarn lockfile v1


markdown-it-plantuml@^1.4.1:
  version "1.4.1"
  resolved "https://registry.yarnpkg.com/markdown-it-plantuml/-/markdown-it-plantuml-1.4.1.tgz#3bd5e7d92eaa5c6c68eb29802f7b46a8e05ca998"
  integrity sha512-13KgnZaGYTHBp4iUmGofzZSBz+Zj6cyqfR0SXUIc9wgWTto5Xhn7NjaXYxY0z7uBeTUMlc9LMQq5uP4OM5xCHg==
